
Microsoft Visual Studio Solution File, Format Version 12.00
# Visual Studio Version 16
VisualStudioVersion = 16.0.31410.357
MinimumVisualStudioVersion = 10.0.40219.1
Project("{FAE04EC0-301F-11D3-BF4B-00C04F79EFBC}") = "DecToBin", "DecToBin\DecToBin.csproj", "{491301B5-9243-4735-9218-656C6E1F825A}"
EndProject
Project("{FAE04EC0-301F-11D3-BF4B-00C04F79EFBC}") = "PowMethod", "PowMethod\PowMethod.csproj", "{9F1B9227-4540-4659-AC78-B3371D85B7EC}"
EndProject
Global
	GlobalSection(SolutionConfigurationPlatforms) = preSolution
		Debug|Any CPU = Debug|Any CPU
		Release|Any CPU = Release|Any CPU
	EndGlobalSection
	GlobalSection(ProjectConfigurationPlatforms) = postSolution
		{491301B5-9243-4735-9218-656C6E1F825A}.Debug|Any CPU.ActiveCfg = Debug|Any CPU
		{491301B5-9243-4735-9218-656C6E1F825A}.Debug|Any CPU.Build.0 = Debug|Any CPU
		{491301B5-9243-4735-9218-656C6E1F825A}.Release|Any CPU.ActiveCfg = Release|Any CPU
		{491301B5-9243-4735-9218-656C6E1F825A}.Release|Any CPU.Build.0 = Release|Any CPU
		{9F1B9227-4540-4659-AC78-B3371D85B7EC}.Debug|Any CPU.ActiveCfg = Debug|Any CPU
		{9F1B9227-4540-4659-AC78-B3371D85B7EC}.Debug|Any CPU.Build.0 = Debug|Any CPU
		{9F1B9227-4540-4659-AC78-B3371D85B7EC}.Release|Any CPU.ActiveCfg = Release|Any CPU
		{9F1B9227-4540-4659-AC78-B3371D85B7EC}.Release|Any CPU.Build.0 = Release|Any CPU
	EndGlobalSection
	GlobalSection(SolutionProperties) = preSolution
		HideSolutionNode = FALSE
	EndGlobalSection
	GlobalSection(ExtensibilityGlobals) = postSolution
		SolutionGuid = {97D3D625-658A-48C0-A2C8-4C79A946D6A9}
	EndGlobalSection
EndGlobal
